
Microsoft Visual Studio Solution File, Format Version 12.00
# Visual Studio Version 17
VisualStudioVersion = 17.5.002.0
MinimumVisualStudioVersion = 10.0.40219.1
Project("{9A19103F-16F7-4668-BE54-9A1E7A4F7556}") = "OOP_Cuoi_Ky", "OOP_Cuoi_Ky.csproj", "{B102D905-13C5-470E-9B87-B7836D522807}"
EndProject
Global
	GlobalSection(SolutionConfigurationPlatforms) = preSolution
		Debug|Any CPU = Debug|Any CPU
		Release|Any CPU = Release|Any CPU
	EndGlobalSection
	GlobalSection(ProjectConfigurationPlatforms) = postSolution
		{B102D905-13C5-470E-9B87-B7836D522807}.Debug|Any CPU.ActiveCfg = Debug|Any CPU
		{B102D905-13C5-470E-9B87-B7836D522807}.Debug|Any CPU.Build.0 = Debug|Any CPU
		{B102D905-13C5-470E-9B87-B7836D522807}.Release|Any CPU.ActiveCfg = Release|Any CPU
		{B102D905-13C5-470E-9B87-B7836D522807}.Release|Any CPU.Build.0 = Release|Any CPU
	EndGlobalSection
	GlobalSection(SolutionProperties) = preSolution
		HideSolutionNode = FALSE
	EndGlobalSection
	GlobalSection(ExtensibilityGlobals) = postSolution
		SolutionGuid = {7DF7C43F-653E-42E0-B5AC-0AE4F1A1785E}
	EndGlobalSection
EndGlobal
